
Microsoft Visual Studio Solution File, Format Version 12.00
# Visual Studio Version 16
VisualStudioVersion = 16.0.29311.281
MinimumVisualStudioVersion = 10.0.40219.1
Project("{8BC9CEB8-8B4A-11D0-8D11-00A0C91BC942}") = "Assignment02", "Assignment02.vcxproj", "{3590D3DB-08B6-4448-ABFE-B6771AD5A2CF}"
EndProject
Global
	GlobalSection(SolutionConfigurationPlatforms) = preSolution
		Debug|x64 = Debug|x64
		Debug|x86 = Debug|x86
		Release|x64 = Release|x64
		Release|x86 = Release|x86
	EndGlobalSection
	GlobalSection(ProjectConfigurationPlatforms) = postSolution
		{3590D3DB-08B6-4448-ABFE-B6771AD5A2CF}.Debug|x64.ActiveCfg = Debug|x64
		{3590D3DB-08B6-4448-ABFE-B6771AD5A2CF}.Debug|x64.Build.0 = Debug|x64
		{3590D3DB-08B6-4448-ABFE-B6771AD5A2CF}.Debug|x86.ActiveCfg = Debug|Win32
		{3590D3DB-08B6-4448-ABFE-B6771AD5A2CF}.Debug|x86.Build.0 = Debug|Win32
		{3590D3DB-08B6-4448-ABFE-B6771AD5A2CF}.Release|x64.ActiveCfg = Release|x64
		{3590D3DB-08B6-4448-ABFE-B6771AD5A2CF}.Release|x64.Build.0 = Release|x64
		{3590D3DB-08B6-4448-ABFE-B6771AD5A2CF}.Release|x86.ActiveCfg = Release|Win32
		{3590D3DB-08B6-4448-ABFE-B6771AD5A2CF}.Release|x86.Build.0 = Release|Win32
	EndGlobalSection
	GlobalSection(SolutionProperties) = preSolution
		HideSolutionNode = FALSE
	EndGlobalSection
	GlobalSection(ExtensibilityGlobals) = postSolution
		SolutionGuid = {FF062263-8F46-40C7-9ED5-BA3335EB82DE}
	EndGlobalSection
EndGlobal
